
Microsoft Visual Studio Solution File, Format Version 12.00
# Visual Studio Version 16
VisualStudioVersion = 16.0.35325.158
MinimumVisualStudioVersion = 10.0.40219.1
Project("{FAE04EC0-301F-11D3-BF4B-00C04F79EFBC}") = "TransportLogistics", "TransportLogistics\TransportLogistics.csproj", "{D1751D39-19FC-4455-A57B-25D2070460AA}"
EndProject
Project("{54435603-DBB4-11D2-8724-00A0C9A8B90C}") = "Transport setup", "Transport setup\Transport setup.vdproj", "{5D96F725-4AC6-4844-B1E4-03113F84BFB7}"
EndProject
Global
	GlobalSection(SolutionConfigurationPlatforms) = preSolution
		Debug|Any CPU = Debug|Any CPU
		Release|Any CPU = Release|Any CPU
	EndGlobalSection
	GlobalSection(ProjectConfigurationPlatforms) = postSolution
		{D1751D39-19FC-4455-A57B-25D2070460AA}.Debug|Any CPU.ActiveCfg = Debug|Any CPU
		{D1751D39-19FC-4455-A57B-25D2070460AA}.Debug|Any CPU.Build.0 = Debug|Any CPU
		{D1751D39-19FC-4455-A57B-25D2070460AA}.Release|Any CPU.ActiveCfg = Release|Any CPU
		{D1751D39-19FC-4455-A57B-25D2070460AA}.Release|Any CPU.Build.0 = Release|Any CPU
		{5D96F725-4AC6-4844-B1E4-03113F84BFB7}.Debug|Any CPU.ActiveCfg = Debug
		{5D96F725-4AC6-4844-B1E4-03113F84BFB7}.Release|Any CPU.ActiveCfg = Release
	EndGlobalSection
	GlobalSection(SolutionProperties) = preSolution
		HideSolutionNode = FALSE
	EndGlobalSection
	GlobalSection(ExtensibilityGlobals) = postSolution
		SolutionGuid = {ADF3A131-D25A-45B8-9631-69C68475FFDD}
	EndGlobalSection
EndGlobal
